# This file is automatically @generated by Cargo.
# It is not intended for manual editing.
[[package]]
name = "e3"
version = "0.1.0"
dependencies = [
 "primes",
]

[[package]]
name = "primes"
version = "0.2.4"
source = "registry+https://github.com/rust-lang/crates.io-index"
checksum = "9db3ff766be19f62c387049c64fb11dd940020350824915fe323f3a09c34f266"
